{
    "hash": "f7f1d4aaabf139c71e57ff3d60ccfdaf",
    "packages": [
        {
            "name": "justinrainbow/json-schema",
            "version": "1.2.1",
            "source": {
                "type": "git",
                "url": "git://github.com/justinrainbow/json-schema.git",
                "reference": "1.2.1"
            },
            "dist": {
                "type": "zip",
                "url": "https://github.com/justinrainbow/json-schema/zipball/1.2.1",
                "reference": "1.2.1",
                "shasum": ""
            },
            "require": {
                "php": ">=5.3.0"
            },
            "time": "2012-08-18 14:19:10",
            "type": "library",
            "autoload": {
                "psr-0": {
                    "JsonSchema": "src/"
                }
            },
            "notification-url": "https://packagist.org/downloads/",
            "license": [
                "BSD-3-Clause"
            ],
            "authors": [
                {
                    "name": "Igor Wiedler",
                    "email": "igor@wiedler.ch",
                    "homepage": "http://wiedler.ch/igor/"
                },
                {
                    "name": "Bruno Prieto Reis",
                    "email": "bruno.p.reis@gmail.com"
                },
                {
                    "name": "Justin Rainbow",
                    "email": "justin.rainbow@gmail.com"
                },
                {
                    "name": "Robert Schönthal",
                    "email": "seroscho@googlemail.com",
                    "homepage": "http://digitalkaoz.net"
                }
            ],
            "description": "A library to validate a json schema.",
            "homepage": "https://github.com/justinrainbow/json-schema",
            "keywords": [
                "json",
                "schema"
            ]
        },
        {
            "name": "pjdietz/WellRESTed",
            "version": "dev-master",
            "source": {
                "type": "git",
                "url": "https://github.com/pjdietz/WellRESTed",
                "reference": "3ff2371edda5e4584ca49a772b52f7db28df9091"
            },
            "dist": {
                "type": "zip",
                "url": "https://api.github.com/repos/pjdietz/WellRESTed/zipball/3ff2371edda5e4584ca49a772b52f7db28df9091",
                "reference": "3ff2371edda5e4584ca49a772b52f7db28df9091",
                "shasum": ""
            },
            "require": {
                "php": ">=5.3.0"
            },
            "time": "2013-01-11 02:21:57",
            "type": "library",
            "autoload": {
                "psr-0": {
                    "pjdietz\\WellRESTed": "src/"
                }
            },
            "authors": [
                {
                    "name": "PJ Dietz",
                    "email": "pj@pjdietz.com"
                }
            ],
            "description": "Simple PHP Library for RESTful APIs",
            "homepage": "https://github.com/pjdietz/WellRESTed",
            "keywords": [
                "php",
                "rest",
                "restful",
                "api"
            ],
            "support": {
                "source": "https://github.com/pjdietz/WellRESTed/tree/master",
                "issues": "https://github.com/pjdietz/WellRESTed/issues"
            }
        }
    ],
    "packages-dev": null,
    "aliases": [

    ],
    "minimum-stability": "stable",
    "stability-flags": {
        "pjdietz/wellrested": 20
    }
}
