{
    "_readme": [
        "This file locks the dependencies of your project to a known state",
        "Read more about it at http://getcomposer.org/doc/01-basic-usage.md#composer-lock-the-lock-file"
    ],
    "hash": "6e691c9305f9b6a57126dea4f042648e",
    "packages": [
        {
            "name": "dflydev/markdown",
            "version": "dev-master",
            "source": {
                "type": "git",
                "url": "https://github.com/dflydev/dflydev-markdown.git",
                "reference": "11f8faa2d17f717a038b4d372abd22a6ac4a15dc"
            },
            "dist": {
                "type": "zip",
                "url": "https://api.github.com/repos/dflydev/dflydev-markdown/zipball/11f8faa2d17f717a038b4d372abd22a6ac4a15dc",
                "reference": "11f8faa2d17f717a038b4d372abd22a6ac4a15dc",
                "shasum": ""
            },
            "require": {
                "php": ">=5.3"
            },
            "type": "library",
            "extra": {
                "branch-alias": {
                    "dev-master": "1.0-dev"
                }
            },
            "autoload": {
                "psr-0": {
                    "dflydev\\markdown": "src"
                }
            },
            "notification-url": "https://packagist.org/downloads/",
            "license": [
                "BSD-3-Clause"
            ],
            "authors": [
                {
                    "name": "Dragonfly Development Inc.",
                    "email": "info@dflydev.com",
                    "homepage": "http://dflydev.com"
                },
                {
                    "name": "Beau Simensen",
                    "email": "beau@dflydev.com",
                    "homepage": "http://beausimensen.com"
                },
                {
                    "name": "Michel Fortin",
                    "homepage": "http://michelf.com"
                },
                {
                    "name": "John Gruber",
                    "homepage": "http://daringfireball.net"
                }
            ],
            "description": "PHP Markdown & Extra",
            "homepage": "http://github.com/dflydev/dflydev-markdown",
            "keywords": [
                "markdown"
            ],
            "time": "2012-07-15 16:31:27"
        },
        {
            "name": "justinrainbow/json-schema",
            "version": "1.2.4",
            "source": {
                "type": "git",
                "url": "git://github.com/justinrainbow/json-schema.git",
                "reference": "1.2.4"
            },
            "dist": {
                "type": "zip",
                "url": "https://api.github.com/repos/justinrainbow/json-schema/zipball/1.2.4",
                "reference": "1.2.4",
                "shasum": ""
            },
            "require": {
                "php": ">=5.3.0"
            },
            "type": "library",
            "autoload": {
                "psr-0": {
                    "JsonSchema": "src/"
                }
            },
            "notification-url": "http://packagist.org/downloads/",
            "license": [
                "BSD-3-Clause"
            ],
            "authors": [
                {
                    "name": "Igor Wiedler",
                    "email": "igor@wiedler.ch",
                    "homepage": "http://wiedler.ch/igor/"
                },
                {
                    "name": "Bruno Prieto Reis",
                    "email": "bruno.p.reis@gmail.com"
                },
                {
                    "name": "Justin Rainbow",
                    "email": "justin.rainbow@gmail.com"
                },
                {
                    "name": "Robert Schönthal",
                    "email": "seroscho@googlemail.com",
                    "homepage": "http://digitalkaoz.net"
                }
            ],
            "description": "A library to validate a json schema.",
            "homepage": "https://github.com/justinrainbow/json-schema",
            "keywords": [
                "json",
                "schema"
            ],
            "time": "2013-01-31 14:27:55"
        },
        {
            "name": "pjdietz/cliapp",
            "version": "dev-master",
            "source": {
                "type": "git",
                "url": "https://github.com/pjdietz/CliApp.git",
                "reference": "7518b048e222e2f0167edc96e88067c1efe63776"
            },
            "dist": {
                "type": "zip",
                "url": "https://api.github.com/repos/pjdietz/CliApp/zipball/7518b048e222e2f0167edc96e88067c1efe63776",
                "reference": "7518b048e222e2f0167edc96e88067c1efe63776",
                "shasum": ""
            },
            "type": "library",
            "autoload": {
                "psr-0": {
                    "pjdietz\\CliApp": "src/"
                }
            },
            "support": {
                "source": "https://github.com/pjdietz/CliApp/tree/master",
                "issues": "https://github.com/pjdietz/CliApp/issues"
            },
            "time": "2013-02-06 00:18:42"
        },
        {
            "name": "pjdietz/wellrested",
            "version": "dev-master",
            "source": {
                "type": "git",
                "url": "https://github.com/pjdietz/wellrested.git",
                "reference": "e3e98377c33b8a7eb99ef1003b56c02f7fa409ea"
            },
            "dist": {
                "type": "zip",
                "url": "https://api.github.com/repos/pjdietz/wellrested/zipball/e3e98377c33b8a7eb99ef1003b56c02f7fa409ea",
                "reference": "e3e98377c33b8a7eb99ef1003b56c02f7fa409ea",
                "shasum": ""
            },
            "require": {
                "php": ">=5.3.0"
            },
            "type": "library",
            "autoload": {
                "psr-0": {
                    "pjdietz\\WellRESTed": "src/"
                }
            },
            "notification-url": "https://packagist.org/downloads/",
            "license": [
                "MIT"
            ],
            "authors": [
                {
                    "name": "PJ Dietz",
                    "email": "pj@pjdietz.com"
                }
            ],
            "description": "Simple PHP Library for RESTful APIs",
            "homepage": "https://github.com/pjdietz/wellrested",
            "keywords": [
                "api",
                "curl",
                "http",
                "rest",
                "restful"
            ],
            "time": "2013-08-16 22:59:05"
        }
    ],
    "packages-dev": [

    ],
    "aliases": [

    ],
    "minimum-stability": "stable",
    "stability-flags": {
        "pjdietz/cliapp": 20,
        "pjdietz/wellrested": 20,
        "dflydev/markdown": 20
    },
    "platform": [

    ],
    "platform-dev": [

    ]
}
