{
    "hash": "f2b56fad413a7c5e062ed78e4bf6b7d6",
    "packages": [
        {
            "name": "justinrainbow/json-schema",
            "version": "1.2.4",
            "source": {
                "type": "git",
                "url": "git://github.com/justinrainbow/json-schema.git",
                "reference": "1.2.4"
            },
            "dist": {
                "type": "zip",
                "url": "https://api.github.com/repos/justinrainbow/json-schema/zipball/1.2.4",
                "reference": "1.2.4",
                "shasum": ""
            },
            "require": {
                "php": ">=5.3.0"
            },
            "time": "2013-01-31 14:27:55",
            "type": "library",
            "autoload": {
                "psr-0": {
                    "JsonSchema": "src/"
                }
            },
            "notification-url": "http://packagist.org/downloads/",
            "license": [
                "BSD-3-Clause"
            ],
            "authors": [
                {
                    "name": "Igor Wiedler",
                    "email": "igor@wiedler.ch",
                    "homepage": "http://wiedler.ch/igor/"
                },
                {
                    "name": "Bruno Prieto Reis",
                    "email": "bruno.p.reis@gmail.com"
                },
                {
                    "name": "Justin Rainbow",
                    "email": "justin.rainbow@gmail.com"
                },
                {
                    "name": "Robert Schönthal",
                    "email": "seroscho@googlemail.com",
                    "homepage": "http://digitalkaoz.net"
                }
            ],
            "description": "A library to validate a json schema.",
            "homepage": "https://github.com/justinrainbow/json-schema",
            "keywords": [
                "json",
                "schema"
            ]
        },
        {
            "name": "pjdietz/cliapp",
            "version": "dev-master",
            "source": {
                "type": "git",
                "url": "https://github.com/pjdietz/CliApp",
                "reference": "7518b048e222e2f0167edc96e88067c1efe63776"
            },
            "time": "2013-02-06 00:18:42",
            "type": "library",
            "autoload": {
                "psr-0": {
                    "pjdietz\\CliApp": "src/"
                }
            }
        },
        {
            "name": "pjdietz/wellrested",
            "version": "dev-master",
            "source": {
                "type": "git",
                "url": "https://github.com/pjdietz/wellrested",
                "reference": "b0133d9173e277f2fee47eb070563c2b44ca37a5"
            },
            "dist": {
                "type": "zip",
                "url": "https://api.github.com/repos/pjdietz/wellrested/zipball/b0133d9173e277f2fee47eb070563c2b44ca37a5",
                "reference": "b0133d9173e277f2fee47eb070563c2b44ca37a5",
                "shasum": ""
            },
            "require": {
                "php": ">=5.3.0"
            },
            "time": "2013-02-02 15:24:05",
            "type": "library",
            "autoload": {
                "psr-0": {
                    "pjdietz\\WellRESTed": "src/"
                }
            },
            "notification-url": "http://packagist.org/downloads/",
            "license": [
                "MIT"
            ],
            "authors": [
                {
                    "name": "PJ Dietz",
                    "email": "pj@pjdietz.com"
                }
            ],
            "description": "Simple PHP Library for RESTful APIs",
            "homepage": "https://github.com/pjdietz/wellrested",
            "keywords": [
                "curl",
                "http",
                "rest",
                "api",
                "restful"
            ]
        }
    ],
    "packages-dev": null,
    "aliases": [

    ],
    "minimum-stability": "stable",
    "stability-flags": {
        "pjdietz/cliapp": 20,
        "pjdietz/wellrested": 20
    }
}
